
Microsoft Visual Studio Solution File, Format Version 12.00
# Visual Studio Version 17
VisualStudioVersion = 17.3.32929.385
MinimumVisualStudioVersion = 10.0.40219.1
Project("{FAE04EC0-301F-11D3-BF4B-00C04F79EFBC}") = "Prova_3Bimestre", "Prova_3Bimestre\Prova_3Bimestre.csproj", "{DBF8D5DA-AF96-4BCD-95E3-73F7A9EE862D}"
EndProject
Global
	GlobalSection(SolutionConfigurationPlatforms) = preSolution
		Debug|Any CPU = Debug|Any CPU
		Release|Any CPU = Release|Any CPU
	EndGlobalSection
	GlobalSection(ProjectConfigurationPlatforms) = postSolution
		{DBF8D5DA-AF96-4BCD-95E3-73F7A9EE862D}.Debug|Any CPU.ActiveCfg = Debug|Any CPU
		{DBF8D5DA-AF96-4BCD-95E3-73F7A9EE862D}.Debug|Any CPU.Build.0 = Debug|Any CPU
		{DBF8D5DA-AF96-4BCD-95E3-73F7A9EE862D}.Release|Any CPU.ActiveCfg = Release|Any CPU
		{DBF8D5DA-AF96-4BCD-95E3-73F7A9EE862D}.Release|Any CPU.Build.0 = Release|Any CPU
	EndGlobalSection
	GlobalSection(SolutionProperties) = preSolution
		HideSolutionNode = FALSE
	EndGlobalSection
	GlobalSection(ExtensibilityGlobals) = postSolution
		SolutionGuid = {0B2541B3-D85E-46B1-8986-30AA4EB651DE}
	EndGlobalSection
EndGlobal
